
Microsoft Visual Studio Solution File, Format Version 12.00
# Visual Studio 2017
Project("{FAE04EC0-301F-11D3-BF4B-00C04F79EFBC}") = "Shoooter", "Shoooter.csproj", "{35858630-1672-CA22-1496-ED7AC0F83D95}"
EndProject
Project("{FAE04EC0-301F-11D3-BF4B-00C04F79EFBC}") = "Shoooter.Editor", "Shoooter.Editor.csproj", "{7A6F1D6F-00A3-C402-AE49-5103CC9E1915}"
EndProject
Global
	GlobalSection(SolutionConfigurationPlatforms) = preSolution
		Debug|Any CPU = Debug|Any CPU
		Release|Any CPU = Release|Any CPU
	EndGlobalSection
	GlobalSection(ProjectConfigurationPlatforms) = postSolution
		{35858630-1672-CA22-1496-ED7AC0F83D95}.Debug|Any CPU.ActiveCfg = Debug|Any CPU
		{35858630-1672-CA22-1496-ED7AC0F83D95}.Debug|Any CPU.Build.0 = Debug|Any CPU
		{35858630-1672-CA22-1496-ED7AC0F83D95}.Release|Any CPU.ActiveCfg = Release|Any CPU
		{35858630-1672-CA22-1496-ED7AC0F83D95}.Release|Any CPU.Build.0 = Release|Any CPU
		{7A6F1D6F-00A3-C402-AE49-5103CC9E1915}.Debug|Any CPU.ActiveCfg = Debug|Any CPU
		{7A6F1D6F-00A3-C402-AE49-5103CC9E1915}.Debug|Any CPU.Build.0 = Debug|Any CPU
		{7A6F1D6F-00A3-C402-AE49-5103CC9E1915}.Release|Any CPU.ActiveCfg = Release|Any CPU
		{7A6F1D6F-00A3-C402-AE49-5103CC9E1915}.Release|Any CPU.Build.0 = Release|Any CPU
	EndGlobalSection
	GlobalSection(SolutionProperties) = preSolution
		HideSolutionNode = FALSE
	EndGlobalSection
EndGlobal
